
Microsoft Visual Studio Solution File, Format Version 12.00
# Visual Studio Version 16
VisualStudioVersion = 16.0.29411.108
MinimumVisualStudioVersion = 10.0.40219.1
Project("{8BC9CEB8-8B4A-11D0-8D11-00A0C91BC942}") = "Lab3", "Lab3.vcxproj", "{D751207E-0205-4DEE-86AD-15108F4340DC}"
EndProject
Global
	GlobalSection(SolutionConfigurationPlatforms) = preSolution
		Debug|x64 = Debug|x64
		Debug|x86 = Debug|x86
		Release|x64 = Release|x64
		Release|x86 = Release|x86
	EndGlobalSection
	GlobalSection(ProjectConfigurationPlatforms) = postSolution
		{D751207E-0205-4DEE-86AD-15108F4340DC}.Debug|x64.ActiveCfg = Debug|x64
		{D751207E-0205-4DEE-86AD-15108F4340DC}.Debug|x64.Build.0 = Debug|x64
		{D751207E-0205-4DEE-86AD-15108F4340DC}.Debug|x86.ActiveCfg = Debug|Win32
		{D751207E-0205-4DEE-86AD-15108F4340DC}.Debug|x86.Build.0 = Debug|Win32
		{D751207E-0205-4DEE-86AD-15108F4340DC}.Release|x64.ActiveCfg = Release|x64
		{D751207E-0205-4DEE-86AD-15108F4340DC}.Release|x64.Build.0 = Release|x64
		{D751207E-0205-4DEE-86AD-15108F4340DC}.Release|x86.ActiveCfg = Release|Win32
		{D751207E-0205-4DEE-86AD-15108F4340DC}.Release|x86.Build.0 = Release|Win32
	EndGlobalSection
	GlobalSection(SolutionProperties) = preSolution
		HideSolutionNode = FALSE
	EndGlobalSection
	GlobalSection(ExtensibilityGlobals) = postSolution
		SolutionGuid = {8D522E2D-2C87-43F9-A9BF-316318759E09}
	EndGlobalSection
EndGlobal
